
Microsoft Visual Studio Solution File, Format Version 12.00
# Visual Studio 15
VisualStudioVersion = 15.0.26730.16
MinimumVisualStudioVersion = 10.0.40219.1
Project("{FAE04EC0-301F-11D3-BF4B-00C04F79EFBC}") = "FootballLiveCheck", "FootballLiveCheck\FootballLiveCheck.csproj", "{1CB5B0F4-CE5F-43FA-846B-236ED424E1F2}"
EndProject
Project("{2150E333-8FDC-42A3-9474-1A3956D46DE8}") = "PresentationLayer", "PresentationLayer", "{1567931F-2476-44A6-BFC0-13DD883558F0}"
EndProject
Project("{2150E333-8FDC-42A3-9474-1A3956D46DE8}") = "BusinessLayer", "BusinessLayer", "{0B05654D-7E77-4EFC-8C9B-88CDE094E4DD}"
EndProject
Project("{2150E333-8FDC-42A3-9474-1A3956D46DE8}") = "DataLayer", "DataLayer", "{8AF5AD54-BADE-46D1-86DC-9C98385B991B}"
EndProject
Project("{2150E333-8FDC-42A3-9474-1A3956D46DE8}") = "TestLayer", "TestLayer", "{D0ACE7AB-9BC8-4885-B815-AC5C1FBA23CD}"
EndProject
Project("{FAE04EC0-301F-11D3-BF4B-00C04F79EFBC}") = "Business", "..\Business\Business.csproj", "{6956A07D-D801-4C76-B412-1632B93620F0}"
EndProject
Project("{FAE04EC0-301F-11D3-BF4B-00C04F79EFBC}") = "Data.Core", "Data.Core\Data.Core.csproj", "{FA51B5EF-E503-4DDF-86DE-2103DA67A0FF}"
EndProject
Project("{FAE04EC0-301F-11D3-BF4B-00C04F79EFBC}") = "Data.Persistence", "Data.Persistence\Data.Persistence.csproj", "{23EBDCC3-E228-4CE5-A659-D4E7816D3C38}"
EndProject
Global
	GlobalSection(SolutionConfigurationPlatforms) = preSolution
		Debug|Any CPU = Debug|Any CPU
		Release|Any CPU = Release|Any CPU
	EndGlobalSection
	GlobalSection(ProjectConfigurationPlatforms) = postSolution
		{1CB5B0F4-CE5F-43FA-846B-236ED424E1F2}.Debug|Any CPU.ActiveCfg = Debug|Any CPU
		{1CB5B0F4-CE5F-43FA-846B-236ED424E1F2}.Debug|Any CPU.Build.0 = Debug|Any CPU
		{1CB5B0F4-CE5F-43FA-846B-236ED424E1F2}.Release|Any CPU.ActiveCfg = Release|Any CPU
		{1CB5B0F4-CE5F-43FA-846B-236ED424E1F2}.Release|Any CPU.Build.0 = Release|Any CPU
		{6956A07D-D801-4C76-B412-1632B93620F0}.Debug|Any CPU.ActiveCfg = Debug|Any CPU
		{6956A07D-D801-4C76-B412-1632B93620F0}.Debug|Any CPU.Build.0 = Debug|Any CPU
		{6956A07D-D801-4C76-B412-1632B93620F0}.Release|Any CPU.ActiveCfg = Release|Any CPU
		{6956A07D-D801-4C76-B412-1632B93620F0}.Release|Any CPU.Build.0 = Release|Any CPU
		{FA51B5EF-E503-4DDF-86DE-2103DA67A0FF}.Debug|Any CPU.ActiveCfg = Debug|Any CPU
		{FA51B5EF-E503-4DDF-86DE-2103DA67A0FF}.Debug|Any CPU.Build.0 = Debug|Any CPU
		{FA51B5EF-E503-4DDF-86DE-2103DA67A0FF}.Release|Any CPU.ActiveCfg = Release|Any CPU
		{FA51B5EF-E503-4DDF-86DE-2103DA67A0FF}.Release|Any CPU.Build.0 = Release|Any CPU
		{23EBDCC3-E228-4CE5-A659-D4E7816D3C38}.Debug|Any CPU.ActiveCfg = Debug|Any CPU
		{23EBDCC3-E228-4CE5-A659-D4E7816D3C38}.Debug|Any CPU.Build.0 = Debug|Any CPU
		{23EBDCC3-E228-4CE5-A659-D4E7816D3C38}.Release|Any CPU.ActiveCfg = Release|Any CPU
		{23EBDCC3-E228-4CE5-A659-D4E7816D3C38}.Release|Any CPU.Build.0 = Release|Any CPU
	EndGlobalSection
	GlobalSection(SolutionProperties) = preSolution
		HideSolutionNode = FALSE
	EndGlobalSection
	GlobalSection(NestedProjects) = preSolution
		{1CB5B0F4-CE5F-43FA-846B-236ED424E1F2} = {1567931F-2476-44A6-BFC0-13DD883558F0}
		{6956A07D-D801-4C76-B412-1632B93620F0} = {0B05654D-7E77-4EFC-8C9B-88CDE094E4DD}
		{FA51B5EF-E503-4DDF-86DE-2103DA67A0FF} = {8AF5AD54-BADE-46D1-86DC-9C98385B991B}
		{23EBDCC3-E228-4CE5-A659-D4E7816D3C38} = {8AF5AD54-BADE-46D1-86DC-9C98385B991B}
	EndGlobalSection
	GlobalSection(ExtensibilityGlobals) = postSolution
		SolutionGuid = {328B35AD-82B7-4A29-B5A1-55ADA8BA5DC3}
	EndGlobalSection
EndGlobal
