
Microsoft Visual Studio Solution File, Format Version 12.00
# Visual Studio 15
VisualStudioVersion = 15.0.27004.2008
MinimumVisualStudioVersion = 10.0.40219.1
Project("{2150E333-8FDC-42A3-9474-1A3956D46DE8}") = "01. Presentation", "01. Presentation", "{2B089748-71AD-4162-90E1-B91CC1359A5A}"
EndProject
Project("{2150E333-8FDC-42A3-9474-1A3956D46DE8}") = "02. Infrastructure", "02. Infrastructure", "{66789AD6-FDA3-48B5-AC8F-7F3CA59BF75B}"
EndProject
Project("{2150E333-8FDC-42A3-9474-1A3956D46DE8}") = "03. Core", "03. Core", "{EB7F9EB7-B854-4944-97DF-070A8C394134}"
EndProject
Project("{2150E333-8FDC-42A3-9474-1A3956D46DE8}") = "99. Tests", "99. Tests", "{1F314102-87F0-4217-83D3-2373B7305DB0}"
EndProject
Project("{2150E333-8FDC-42A3-9474-1A3956D46DE8}") = "00. Solution Items", "00. Solution Items", "{14F56F64-E2FE-462B-924A-3F7F9036456B}"
EndProject
Project("{9A19103F-16F7-4668-BE54-9A1E7A4F7556}") = "FootballLiveCheck.Domain", "FootballLiveCheck.Domain\FootballLiveCheck.Domain.csproj", "{3C5BB0A5-1418-442B-B69E-2ACEE79DB82E}"
EndProject
Project("{9A19103F-16F7-4668-BE54-9A1E7A4F7556}") = "FootballLiveCheck.Business", "FootballLiveCheck.Business\FootballLiveCheck.Business.csproj", "{1392F3D7-CDBB-4945-9636-C934412551C5}"
EndProject
Project("{9A19103F-16F7-4668-BE54-9A1E7A4F7556}") = "FootballLiveCheck.CqrsCore", "FootballLiveCheck.CqrsCore\FootballLiveCheck.CqrsCore.csproj", "{624B6B46-CFCD-4ECB-B7EC-AC2316282FD8}"
EndProject
Project("{9A19103F-16F7-4668-BE54-9A1E7A4F7556}") = "FootballLiveCheck.Data", "FootballLiveCheck.Data\FootballLiveCheck.Data.csproj", "{125FE48D-3D6F-4770-9100-F3CD9043697D}"
EndProject
Project("{9A19103F-16F7-4668-BE54-9A1E7A4F7556}") = "FootballLiveCheck.Infrastructure", "FootballLiveCheck.Infrastructure\FootballLiveCheck.Infrastructure.csproj", "{341E9D56-439E-4CE5-9AB1-CF6FFD05E94F}"
EndProject
Project("{9A19103F-16F7-4668-BE54-9A1E7A4F7556}") = "FootballLiveCheck.Service", "FootballLiveCheck.Service\FootballLiveCheck.Service.csproj", "{010D21C2-CF3E-441A-A14C-1C7868AD6E1E}"
EndProject
Project("{9A19103F-16F7-4668-BE54-9A1E7A4F7556}") = "FootballLiveCheck.Web", "FootballLiveCheck.Web\FootballLiveCheck.Web.csproj", "{B23D6C08-11E8-48A0-9E9E-12CBDAE368D3}"
EndProject
Project("{9A19103F-16F7-4668-BE54-9A1E7A4F7556}") = "FootballLiveCheck.Tests.Shared", "FootballLiveCheck.Test.Shared\FootballLiveCheck.Tests.Shared.csproj", "{00F5148D-9A93-448F-9460-FA9388B5153A}"
EndProject
Project("{9A19103F-16F7-4668-BE54-9A1E7A4F7556}") = "FootballLiveCheck.Business.IntegrationTests", "FootballLiveCheck.Business.IntegrationTests\FootballLiveCheck.Business.IntegrationTests.csproj", "{EFD21ED5-50A3-4FD1-A72C-F8A4BA98E9DB}"
EndProject
Project("{9A19103F-16F7-4668-BE54-9A1E7A4F7556}") = "FootballLiveCheck.Business.Tests", "FootballLiveCheck.Business.Tests\FootballLiveCheck.Business.Tests.csproj", "{5949DE37-1845-4B74-B1A4-F76BE04D2863}"
EndProject
Project("{9A19103F-16F7-4668-BE54-9A1E7A4F7556}") = "FootballLiveCheck.Domain.Tests", "FootballLiveCheck.Domain.Tests\FootballLiveCheck.Domain.Tests.csproj", "{238973A3-8121-47F3-8704-1E073194F7AF}"
EndProject
Project("{FAE04EC0-301F-11D3-BF4B-00C04F79EFBC}") = "FootballLiveCheck.DbSynchronizer", "FootballLiveCheck.DbSyncronizer\FootballLiveCheck.DbSynchronizer.csproj", "{195C9EFA-477B-466B-9CA4-5D6B016FE50F}"
EndProject
Global
	GlobalSection(SolutionConfigurationPlatforms) = preSolution
		Debug|Any CPU = Debug|Any CPU
		Debug|x64 = Debug|x64
		Debug|x86 = Debug|x86
		Release|Any CPU = Release|Any CPU
		Release|x64 = Release|x64
		Release|x86 = Release|x86
	EndGlobalSection
	GlobalSection(ProjectConfigurationPlatforms) = postSolution
		{3C5BB0A5-1418-442B-B69E-2ACEE79DB82E}.Debug|Any CPU.ActiveCfg = Debug|Any CPU
		{3C5BB0A5-1418-442B-B69E-2ACEE79DB82E}.Debug|Any CPU.Build.0 = Debug|Any CPU
		{3C5BB0A5-1418-442B-B69E-2ACEE79DB82E}.Debug|x64.ActiveCfg = Debug|Any CPU
		{3C5BB0A5-1418-442B-B69E-2ACEE79DB82E}.Debug|x64.Build.0 = Debug|Any CPU
		{3C5BB0A5-1418-442B-B69E-2ACEE79DB82E}.Debug|x86.ActiveCfg = Debug|Any CPU
		{3C5BB0A5-1418-442B-B69E-2ACEE79DB82E}.Debug|x86.Build.0 = Debug|Any CPU
		{3C5BB0A5-1418-442B-B69E-2ACEE79DB82E}.Release|Any CPU.ActiveCfg = Release|Any CPU
		{3C5BB0A5-1418-442B-B69E-2ACEE79DB82E}.Release|Any CPU.Build.0 = Release|Any CPU
		{3C5BB0A5-1418-442B-B69E-2ACEE79DB82E}.Release|x64.ActiveCfg = Release|Any CPU
		{3C5BB0A5-1418-442B-B69E-2ACEE79DB82E}.Release|x64.Build.0 = Release|Any CPU
		{3C5BB0A5-1418-442B-B69E-2ACEE79DB82E}.Release|x86.ActiveCfg = Release|Any CPU
		{3C5BB0A5-1418-442B-B69E-2ACEE79DB82E}.Release|x86.Build.0 = Release|Any CPU
		{1392F3D7-CDBB-4945-9636-C934412551C5}.Debug|Any CPU.ActiveCfg = Debug|Any CPU
		{1392F3D7-CDBB-4945-9636-C934412551C5}.Debug|Any CPU.Build.0 = Debug|Any CPU
		{1392F3D7-CDBB-4945-9636-C934412551C5}.Debug|x64.ActiveCfg = Debug|Any CPU
		{1392F3D7-CDBB-4945-9636-C934412551C5}.Debug|x64.Build.0 = Debug|Any CPU
		{1392F3D7-CDBB-4945-9636-C934412551C5}.Debug|x86.ActiveCfg = Debug|Any CPU
		{1392F3D7-CDBB-4945-9636-C934412551C5}.Debug|x86.Build.0 = Debug|Any CPU
		{1392F3D7-CDBB-4945-9636-C934412551C5}.Release|Any CPU.ActiveCfg = Release|Any CPU
		{1392F3D7-CDBB-4945-9636-C934412551C5}.Release|Any CPU.Build.0 = Release|Any CPU
		{1392F3D7-CDBB-4945-9636-C934412551C5}.Release|x64.ActiveCfg = Release|Any CPU
		{1392F3D7-CDBB-4945-9636-C934412551C5}.Release|x64.Build.0 = Release|Any CPU
		{1392F3D7-CDBB-4945-9636-C934412551C5}.Release|x86.ActiveCfg = Release|Any CPU
		{1392F3D7-CDBB-4945-9636-C934412551C5}.Release|x86.Build.0 = Release|Any CPU
		{624B6B46-CFCD-4ECB-B7EC-AC2316282FD8}.Debug|Any CPU.ActiveCfg = Debug|Any CPU
		{624B6B46-CFCD-4ECB-B7EC-AC2316282FD8}.Debug|Any CPU.Build.0 = Debug|Any CPU
		{624B6B46-CFCD-4ECB-B7EC-AC2316282FD8}.Debug|x64.ActiveCfg = Debug|Any CPU
		{624B6B46-CFCD-4ECB-B7EC-AC2316282FD8}.Debug|x64.Build.0 = Debug|Any CPU
		{624B6B46-CFCD-4ECB-B7EC-AC2316282FD8}.Debug|x86.ActiveCfg = Debug|Any CPU
		{624B6B46-CFCD-4ECB-B7EC-AC2316282FD8}.Debug|x86.Build.0 = Debug|Any CPU
		{624B6B46-CFCD-4ECB-B7EC-AC2316282FD8}.Release|Any CPU.ActiveCfg = Release|Any CPU
		{624B6B46-CFCD-4ECB-B7EC-AC2316282FD8}.Release|Any CPU.Build.0 = Release|Any CPU
		{624B6B46-CFCD-4ECB-B7EC-AC2316282FD8}.Release|x64.ActiveCfg = Release|Any CPU
		{624B6B46-CFCD-4ECB-B7EC-AC2316282FD8}.Release|x64.Build.0 = Release|Any CPU
		{624B6B46-CFCD-4ECB-B7EC-AC2316282FD8}.Release|x86.ActiveCfg = Release|Any CPU
		{624B6B46-CFCD-4ECB-B7EC-AC2316282FD8}.Release|x86.Build.0 = Release|Any CPU
		{125FE48D-3D6F-4770-9100-F3CD9043697D}.Debug|Any CPU.ActiveCfg = Debug|Any CPU
		{125FE48D-3D6F-4770-9100-F3CD9043697D}.Debug|Any CPU.Build.0 = Debug|Any CPU
		{125FE48D-3D6F-4770-9100-F3CD9043697D}.Debug|x64.ActiveCfg = Debug|Any CPU
		{125FE48D-3D6F-4770-9100-F3CD9043697D}.Debug|x64.Build.0 = Debug|Any CPU
		{125FE48D-3D6F-4770-9100-F3CD9043697D}.Debug|x86.ActiveCfg = Debug|Any CPU
		{125FE48D-3D6F-4770-9100-F3CD9043697D}.Debug|x86.Build.0 = Debug|Any CPU
		{125FE48D-3D6F-4770-9100-F3CD9043697D}.Release|Any CPU.ActiveCfg = Release|Any CPU
		{125FE48D-3D6F-4770-9100-F3CD9043697D}.Release|Any CPU.Build.0 = Release|Any CPU
		{125FE48D-3D6F-4770-9100-F3CD9043697D}.Release|x64.ActiveCfg = Release|Any CPU
		{125FE48D-3D6F-4770-9100-F3CD9043697D}.Release|x64.Build.0 = Release|Any CPU
		{125FE48D-3D6F-4770-9100-F3CD9043697D}.Release|x86.ActiveCfg = Release|Any CPU
		{125FE48D-3D6F-4770-9100-F3CD9043697D}.Release|x86.Build.0 = Release|Any CPU
		{341E9D56-439E-4CE5-9AB1-CF6FFD05E94F}.Debug|Any CPU.ActiveCfg = Debug|Any CPU
		{341E9D56-439E-4CE5-9AB1-CF6FFD05E94F}.Debug|Any CPU.Build.0 = Debug|Any CPU
		{341E9D56-439E-4CE5-9AB1-CF6FFD05E94F}.Debug|x64.ActiveCfg = Debug|Any CPU
		{341E9D56-439E-4CE5-9AB1-CF6FFD05E94F}.Debug|x64.Build.0 = Debug|Any CPU
		{341E9D56-439E-4CE5-9AB1-CF6FFD05E94F}.Debug|x86.ActiveCfg = Debug|Any CPU
		{341E9D56-439E-4CE5-9AB1-CF6FFD05E94F}.Debug|x86.Build.0 = Debug|Any CPU
		{341E9D56-439E-4CE5-9AB1-CF6FFD05E94F}.Release|Any CPU.ActiveCfg = Release|Any CPU
		{341E9D56-439E-4CE5-9AB1-CF6FFD05E94F}.Release|Any CPU.Build.0 = Release|Any CPU
		{341E9D56-439E-4CE5-9AB1-CF6FFD05E94F}.Release|x64.ActiveCfg = Release|Any CPU
		{341E9D56-439E-4CE5-9AB1-CF6FFD05E94F}.Release|x64.Build.0 = Release|Any CPU
		{341E9D56-439E-4CE5-9AB1-CF6FFD05E94F}.Release|x86.ActiveCfg = Release|Any CPU
		{341E9D56-439E-4CE5-9AB1-CF6FFD05E94F}.Release|x86.Build.0 = Release|Any CPU
		{010D21C2-CF3E-441A-A14C-1C7868AD6E1E}.Debug|Any CPU.ActiveCfg = Debug|Any CPU
		{010D21C2-CF3E-441A-A14C-1C7868AD6E1E}.Debug|Any CPU.Build.0 = Debug|Any CPU
		{010D21C2-CF3E-441A-A14C-1C7868AD6E1E}.Debug|x64.ActiveCfg = Debug|Any CPU
		{010D21C2-CF3E-441A-A14C-1C7868AD6E1E}.Debug|x64.Build.0 = Debug|Any CPU
		{010D21C2-CF3E-441A-A14C-1C7868AD6E1E}.Debug|x86.ActiveCfg = Debug|Any CPU
		{010D21C2-CF3E-441A-A14C-1C7868AD6E1E}.Debug|x86.Build.0 = Debug|Any CPU
		{010D21C2-CF3E-441A-A14C-1C7868AD6E1E}.Release|Any CPU.ActiveCfg = Release|Any CPU
		{010D21C2-CF3E-441A-A14C-1C7868AD6E1E}.Release|Any CPU.Build.0 = Release|Any CPU
		{010D21C2-CF3E-441A-A14C-1C7868AD6E1E}.Release|x64.ActiveCfg = Release|Any CPU
		{010D21C2-CF3E-441A-A14C-1C7868AD6E1E}.Release|x64.Build.0 = Release|Any CPU
		{010D21C2-CF3E-441A-A14C-1C7868AD6E1E}.Release|x86.ActiveCfg = Release|Any CPU
		{010D21C2-CF3E-441A-A14C-1C7868AD6E1E}.Release|x86.Build.0 = Release|Any CPU
		{B23D6C08-11E8-48A0-9E9E-12CBDAE368D3}.Debug|Any CPU.ActiveCfg = Debug|Any CPU
		{B23D6C08-11E8-48A0-9E9E-12CBDAE368D3}.Debug|Any CPU.Build.0 = Debug|Any CPU
		{B23D6C08-11E8-48A0-9E9E-12CBDAE368D3}.Debug|x64.ActiveCfg = Debug|Any CPU
		{B23D6C08-11E8-48A0-9E9E-12CBDAE368D3}.Debug|x64.Build.0 = Debug|Any CPU
		{B23D6C08-11E8-48A0-9E9E-12CBDAE368D3}.Debug|x86.ActiveCfg = Debug|Any CPU
		{B23D6C08-11E8-48A0-9E9E-12CBDAE368D3}.Debug|x86.Build.0 = Debug|Any CPU
		{B23D6C08-11E8-48A0-9E9E-12CBDAE368D3}.Release|Any CPU.ActiveCfg = Release|Any CPU
		{B23D6C08-11E8-48A0-9E9E-12CBDAE368D3}.Release|Any CPU.Build.0 = Release|Any CPU
		{B23D6C08-11E8-48A0-9E9E-12CBDAE368D3}.Release|x64.ActiveCfg = Release|Any CPU
		{B23D6C08-11E8-48A0-9E9E-12CBDAE368D3}.Release|x64.Build.0 = Release|Any CPU
		{B23D6C08-11E8-48A0-9E9E-12CBDAE368D3}.Release|x86.ActiveCfg = Release|Any CPU
		{B23D6C08-11E8-48A0-9E9E-12CBDAE368D3}.Release|x86.Build.0 = Release|Any CPU
		{00F5148D-9A93-448F-9460-FA9388B5153A}.Debug|Any CPU.ActiveCfg = Debug|Any CPU
		{00F5148D-9A93-448F-9460-FA9388B5153A}.Debug|Any CPU.Build.0 = Debug|Any CPU
		{00F5148D-9A93-448F-9460-FA9388B5153A}.Debug|x64.ActiveCfg = Debug|Any CPU
		{00F5148D-9A93-448F-9460-FA9388B5153A}.Debug|x64.Build.0 = Debug|Any CPU
		{00F5148D-9A93-448F-9460-FA9388B5153A}.Debug|x86.ActiveCfg = Debug|Any CPU
		{00F5148D-9A93-448F-9460-FA9388B5153A}.Debug|x86.Build.0 = Debug|Any CPU
		{00F5148D-9A93-448F-9460-FA9388B5153A}.Release|Any CPU.ActiveCfg = Release|Any CPU
		{00F5148D-9A93-448F-9460-FA9388B5153A}.Release|Any CPU.Build.0 = Release|Any CPU
		{00F5148D-9A93-448F-9460-FA9388B5153A}.Release|x64.ActiveCfg = Release|Any CPU
		{00F5148D-9A93-448F-9460-FA9388B5153A}.Release|x64.Build.0 = Release|Any CPU
		{00F5148D-9A93-448F-9460-FA9388B5153A}.Release|x86.ActiveCfg = Release|Any CPU
		{00F5148D-9A93-448F-9460-FA9388B5153A}.Release|x86.Build.0 = Release|Any CPU
		{EFD21ED5-50A3-4FD1-A72C-F8A4BA98E9DB}.Debug|Any CPU.ActiveCfg = Debug|Any CPU
		{EFD21ED5-50A3-4FD1-A72C-F8A4BA98E9DB}.Debug|Any CPU.Build.0 = Debug|Any CPU
		{EFD21ED5-50A3-4FD1-A72C-F8A4BA98E9DB}.Debug|x64.ActiveCfg = Debug|Any CPU
		{EFD21ED5-50A3-4FD1-A72C-F8A4BA98E9DB}.Debug|x64.Build.0 = Debug|Any CPU
		{EFD21ED5-50A3-4FD1-A72C-F8A4BA98E9DB}.Debug|x86.ActiveCfg = Debug|Any CPU
		{EFD21ED5-50A3-4FD1-A72C-F8A4BA98E9DB}.Debug|x86.Build.0 = Debug|Any CPU
		{EFD21ED5-50A3-4FD1-A72C-F8A4BA98E9DB}.Release|Any CPU.ActiveCfg = Release|Any CPU
		{EFD21ED5-50A3-4FD1-A72C-F8A4BA98E9DB}.Release|Any CPU.Build.0 = Release|Any CPU
		{EFD21ED5-50A3-4FD1-A72C-F8A4BA98E9DB}.Release|x64.ActiveCfg = Release|Any CPU
		{EFD21ED5-50A3-4FD1-A72C-F8A4BA98E9DB}.Release|x64.Build.0 = Release|Any CPU
		{EFD21ED5-50A3-4FD1-A72C-F8A4BA98E9DB}.Release|x86.ActiveCfg = Release|Any CPU
		{EFD21ED5-50A3-4FD1-A72C-F8A4BA98E9DB}.Release|x86.Build.0 = Release|Any CPU
		{5949DE37-1845-4B74-B1A4-F76BE04D2863}.Debug|Any CPU.ActiveCfg = Debug|Any CPU
		{5949DE37-1845-4B74-B1A4-F76BE04D2863}.Debug|Any CPU.Build.0 = Debug|Any CPU
		{5949DE37-1845-4B74-B1A4-F76BE04D2863}.Debug|x64.ActiveCfg = Debug|Any CPU
		{5949DE37-1845-4B74-B1A4-F76BE04D2863}.Debug|x64.Build.0 = Debug|Any CPU
		{5949DE37-1845-4B74-B1A4-F76BE04D2863}.Debug|x86.ActiveCfg = Debug|Any CPU
		{5949DE37-1845-4B74-B1A4-F76BE04D2863}.Debug|x86.Build.0 = Debug|Any CPU
		{5949DE37-1845-4B74-B1A4-F76BE04D2863}.Release|Any CPU.ActiveCfg = Release|Any CPU
		{5949DE37-1845-4B74-B1A4-F76BE04D2863}.Release|Any CPU.Build.0 = Release|Any CPU
		{5949DE37-1845-4B74-B1A4-F76BE04D2863}.Release|x64.ActiveCfg = Release|Any CPU
		{5949DE37-1845-4B74-B1A4-F76BE04D2863}.Release|x64.Build.0 = Release|Any CPU
		{5949DE37-1845-4B74-B1A4-F76BE04D2863}.Release|x86.ActiveCfg = Release|Any CPU
		{5949DE37-1845-4B74-B1A4-F76BE04D2863}.Release|x86.Build.0 = Release|Any CPU
		{238973A3-8121-47F3-8704-1E073194F7AF}.Debug|Any CPU.ActiveCfg = Debug|Any CPU
		{238973A3-8121-47F3-8704-1E073194F7AF}.Debug|Any CPU.Build.0 = Debug|Any CPU
		{238973A3-8121-47F3-8704-1E073194F7AF}.Debug|x64.ActiveCfg = Debug|Any CPU
		{238973A3-8121-47F3-8704-1E073194F7AF}.Debug|x64.Build.0 = Debug|Any CPU
		{238973A3-8121-47F3-8704-1E073194F7AF}.Debug|x86.ActiveCfg = Debug|Any CPU
		{238973A3-8121-47F3-8704-1E073194F7AF}.Debug|x86.Build.0 = Debug|Any CPU
		{238973A3-8121-47F3-8704-1E073194F7AF}.Release|Any CPU.ActiveCfg = Release|Any CPU
		{238973A3-8121-47F3-8704-1E073194F7AF}.Release|Any CPU.Build.0 = Release|Any CPU
		{238973A3-8121-47F3-8704-1E073194F7AF}.Release|x64.ActiveCfg = Release|Any CPU
		{238973A3-8121-47F3-8704-1E073194F7AF}.Release|x64.Build.0 = Release|Any CPU
		{238973A3-8121-47F3-8704-1E073194F7AF}.Release|x86.ActiveCfg = Release|Any CPU
		{238973A3-8121-47F3-8704-1E073194F7AF}.Release|x86.Build.0 = Release|Any CPU
		{195C9EFA-477B-466B-9CA4-5D6B016FE50F}.Debug|Any CPU.ActiveCfg = Debug|Any CPU
		{195C9EFA-477B-466B-9CA4-5D6B016FE50F}.Debug|Any CPU.Build.0 = Debug|Any CPU
		{195C9EFA-477B-466B-9CA4-5D6B016FE50F}.Debug|x64.ActiveCfg = Debug|Any CPU
		{195C9EFA-477B-466B-9CA4-5D6B016FE50F}.Debug|x64.Build.0 = Debug|Any CPU
		{195C9EFA-477B-466B-9CA4-5D6B016FE50F}.Debug|x86.ActiveCfg = Debug|Any CPU
		{195C9EFA-477B-466B-9CA4-5D6B016FE50F}.Debug|x86.Build.0 = Debug|Any CPU
		{195C9EFA-477B-466B-9CA4-5D6B016FE50F}.Release|Any CPU.ActiveCfg = Release|Any CPU
		{195C9EFA-477B-466B-9CA4-5D6B016FE50F}.Release|Any CPU.Build.0 = Release|Any CPU
		{195C9EFA-477B-466B-9CA4-5D6B016FE50F}.Release|x64.ActiveCfg = Release|Any CPU
		{195C9EFA-477B-466B-9CA4-5D6B016FE50F}.Release|x64.Build.0 = Release|Any CPU
		{195C9EFA-477B-466B-9CA4-5D6B016FE50F}.Release|x86.ActiveCfg = Release|Any CPU
		{195C9EFA-477B-466B-9CA4-5D6B016FE50F}.Release|x86.Build.0 = Release|Any CPU
	EndGlobalSection
	GlobalSection(SolutionProperties) = preSolution
		HideSolutionNode = FALSE
	EndGlobalSection
	GlobalSection(NestedProjects) = preSolution
		{3C5BB0A5-1418-442B-B69E-2ACEE79DB82E} = {EB7F9EB7-B854-4944-97DF-070A8C394134}
		{1392F3D7-CDBB-4945-9636-C934412551C5} = {EB7F9EB7-B854-4944-97DF-070A8C394134}
		{624B6B46-CFCD-4ECB-B7EC-AC2316282FD8} = {EB7F9EB7-B854-4944-97DF-070A8C394134}
		{125FE48D-3D6F-4770-9100-F3CD9043697D} = {66789AD6-FDA3-48B5-AC8F-7F3CA59BF75B}
		{341E9D56-439E-4CE5-9AB1-CF6FFD05E94F} = {66789AD6-FDA3-48B5-AC8F-7F3CA59BF75B}
		{010D21C2-CF3E-441A-A14C-1C7868AD6E1E} = {2B089748-71AD-4162-90E1-B91CC1359A5A}
		{B23D6C08-11E8-48A0-9E9E-12CBDAE368D3} = {2B089748-71AD-4162-90E1-B91CC1359A5A}
		{00F5148D-9A93-448F-9460-FA9388B5153A} = {1F314102-87F0-4217-83D3-2373B7305DB0}
		{EFD21ED5-50A3-4FD1-A72C-F8A4BA98E9DB} = {1F314102-87F0-4217-83D3-2373B7305DB0}
		{5949DE37-1845-4B74-B1A4-F76BE04D2863} = {1F314102-87F0-4217-83D3-2373B7305DB0}
		{238973A3-8121-47F3-8704-1E073194F7AF} = {1F314102-87F0-4217-83D3-2373B7305DB0}
		{195C9EFA-477B-466B-9CA4-5D6B016FE50F} = {66789AD6-FDA3-48B5-AC8F-7F3CA59BF75B}
	EndGlobalSection
	GlobalSection(ExtensibilityGlobals) = postSolution
		SolutionGuid = {437CB160-D820-480A-8900-33A4F5251873}
	EndGlobalSection
EndGlobal
